// !$*UTF8*$!
{
	archiveVersion = 1;
	classes = {
	};
	objectVersion = 46;
	objects = {

/* Begin PBXBuildFile section */
		84DE0B051CF7DDA5006B5644 /* AppDelegate.swift in Sources */ = {isa = PBXBuildFile; fileRef = 84DE0B041CF7DDA5006B5644 /* AppDelegate.swift */; };
		84DE0B071CF7DDA5006B5644 /* ViewController.swift in Sources */ = {isa = PBXBuildFile; fileRef = 84DE0B061CF7DDA5006B5644 /* ViewController.swift */; };
		84DE0B0A1CF7DDA5006B5644 /* Main.storyboard in Resources */ = {isa = PBXBuildFile; fileRef = 84DE0B081CF7DDA5006B5644 /* Main.storyboard */; };
		84DE0B0C1CF7DDA5006B5644 /* Assets.xcassets in Resources */ = {isa = PBXBuildFile; fileRef = 84DE0B0B1CF7DDA5006B5644 /* Assets.xcassets */; };
		84DE0B0F1CF7DDA5006B5644 /* LaunchScreen.storyboard in Resources */ = {isa = PBXBuildFile; fileRef = 84DE0B0D1CF7DDA5006B5644 /* LaunchScreen.storyboard */; };
		84DE0B1A1CF7DDA5006B5644 /* UItextFielddemoTests.swift in Sources */ = {isa = PBXBuildFile; fileRef = 84DE0B191CF7DDA5006B5644 /* UItextFielddemoTests.swift */; };
		84DE0B251CF7DDA5006B5644 /* UItextFielddemoUITests.swift in Sources */ = {isa = PBXBuildFile; fileRef = 84DE0B241CF7DDA5006B5644 /* UItextFielddemoUITests.swift */; };
/* End PBXBuildFile section */

/* Begin PBXContainerItemProxy section */
		84DE0B161CF7DDA5006B5644 /* PBXContainerItemProxy */ = {
			isa = PBXContainerItemProxy;
			containerPortal = 84DE0AF91CF7DDA4006B5644 /* Project object */;
			proxyType = 1;
			remoteGlobalIDString = 84DE0B001CF7DDA4006B5644;
			remoteInfo = UItextFielddemo;
		};
		84DE0B211CF7DDA5006B5644 /* PBXContainerItemProxy */ = {
			isa = PBXContainerItemProxy;
			containerPortal = 84DE0AF91CF7DDA4006B5644 /* Project object */;
			proxyType = 1;
			remoteGlobalIDString = 84DE0B001CF7DDA4006B5644;
			remoteInfo = UItextFielddemo;
		};
/* End PBXContainerItemProxy section */

/* Begin PBXFileReference section */
		84DE0B011CF7DDA4006B5644 /* UItextFielddemo.app */ = {isa = PBXFileReference; explicitFileType = wrapper.application; includeInIndex = 0; path = UItextFielddemo.app; sourceTree = BUILT_PRODUCTS_DIR; };
		84DE0B041CF7DDA5006B5644 /* AppDelegate.swift */ = {isa = PBXFileReference; lastKnownFileType = sourcecode.swift; path = AppDelegate.swift; sourceTree = "<group>"; };
		84DE0B061CF7DDA5006B5644 /* ViewController.swift */ = {isa = PBXFileReference; lastKnownFileType = sourcecode.swift; path = ViewController.swift; sourceTree = "<group>"; };
		84DE0B091CF7DDA5006B5644 /* Base */ = {isa = PBXFileReference; lastKnownFileType = file.storyboard; name = Base; path = Base.lproj/Main.storyboard; sourceTree = "<group>"; };
		84DE0B0B1CF7DDA5006B5644 /* Assets.xcassets */ = {isa = PBXFileReference; lastKnownFileType = folder.assetcatalog; path = Assets.xcassets; sourceTree = "<group>"; };
		84DE0B0E1CF7DDA5006B5644 /* Base */ = {isa = PBXFileReference; lastKnownFileType = file.storyboard; name = Base; path = Base.lproj/LaunchScreen.storyboard; sourceTree = "<group>"; };
		84DE0B101CF7DDA5006B5644 /* Info.plist */ = {isa = PBXFileReference; lastKnownFileType = text.plist.xml; path = Info.plist; sourceTree = "<group>"; };
		84DE0B151CF7DDA5006B5644 /* UItextFielddemoTests.xctest */ = {isa = PBXFileReference; explicitFileType = wrapper.cfbundle; includeInIndex = 0; path = UItextFielddemoTests.xctest; sourceTree = BUILT_PRODUCTS_DIR; };
		84DE0B191CF7DDA5006B5644 /* UItextFielddemoTests.swift */ = {isa = PBXFileReference; lastKnownFileType = sourcecode.swift; path = UItextFielddemoTests.swift; sourceTree = "<group>"; };
		84DE0B1B1CF7DDA5006B5644 /* Info.plist */ = {isa = PBXFileReference; lastKnownFileType = text.plist.xml; path = Info.plist; sourceTree = "<group>"; };
		84DE0B201CF7DDA5006B5644 /* UItextFielddemoUITests.xctest */ = {isa = PBXFileReference; explicitFileType = wrapper.cfbundle; includeInIndex = 0; path = UItextFielddemoUITests.xctest; sourceTree = BUILT_PRODUCTS_DIR; };
		84DE0B241CF7DDA5006B5644 /* UItextFielddemoUITests.swift */ = {isa = PBXFileReference; lastKnownFileType = sourcecode.swift; path = UItextFielddemoUITests.swift; sourceTree = "<group>"; };
		84DE0B261CF7DDA5006B5644 /* Info.plist */ = {isa = PBXFileReference; lastKnownFileType = text.plist.xml; path = Info.plist; sourceTree = "<group>"; };
/* End PBXFileReference section */

/* Begin PBXFrameworksBuildPhase section */
		84DE0AFE1CF7DDA4006B5644 /* Frameworks */ = {
			isa = PBXFrameworksBuildPhase;
			buildActionMask = 2147483647;
			files = (
			);
			runOnlyForDeploymentPostprocessing = 0;
		};
		84DE0B121CF7DDA5006B5644 /* Frameworks */ = {
			isa = PBXFrameworksBuildPhase;
			buildActionMask = 2147483647;
			files = (
			);
			runOnlyForDeploymentPostprocessing = 0;
		};
		84DE0B1D1CF7DDA5006B5644 /* Frameworks */ = {
			isa = PBXFrameworksBuildPhase;
			buildActionMask = 2147483647;
			files = (
			);
			runOnlyForDeploymentPostprocessing = 0;
		};
/* End PBXFrameworksBuildPhase section */

/* Begin PBXGroup section */
		84DE0AF81CF7DDA4006B5644 = {
			isa = PBXGroup;
			children = (
				84DE0B031CF7DDA4006B5644 /* UItextFielddemo */,
				84DE0B181CF7DDA5006B5644 /* UItextFielddemoTests */,
				84DE0B231CF7DDA5006B5644 /* UItextFielddemoUITests */,
				84DE0B021CF7DDA4006B5644 /* Products */,
			);
			sourceTree = "<group>";
		};
		84DE0B021CF7DDA4006B5644 /* Products */ = {
			isa = PBXGroup;
			children = (
				84DE0B011CF7DDA4006B5644 /* UItextFielddemo.app */,
				84DE0B151CF7DDA5006B5644 /* UItextFielddemoTests.xctest */,
				84DE0B201CF7DDA5006B5644 /* UItextFielddemoUITests.xctest */,
			);
			name = Products;
			sourceTree = "<group>";
		};
		84DE0B031CF7DDA4006B5644 /* UItextFielddemo */ = {
			isa = PBXGroup;
			children = (
				84DE0B041CF7DDA5006B5644 /* AppDelegate.swift */,
				84DE0B061CF7DDA5006B5644 /* ViewController.swift */,
				84DE0B081CF7DDA5006B5644 /* Main.storyboard */,
				84DE0B0B1CF7DDA5006B5644 /* Assets.xcassets */,
				84DE0B0D1CF7DDA5006B5644 /* LaunchScreen.storyboard */,
				84DE0B101CF7DDA5006B5644 /* Info.plist */,
			);
			path = UItextFielddemo;
			sourceTree = "<group>";
		};
		84DE0B181CF7DDA5006B5644 /* UItextFielddemoTests */ = {
			isa = PBXGroup;
			children = (
				84DE0B191CF7DDA5006B5644 /* UItextFielddemoTests.swift */,
				84DE0B1B1CF7DDA5006B5644 /* Info.plist */,
			);
			path = UItextFielddemoTests;
			sourceTree = "<group>";
		};
		84DE0B231CF7DDA5006B5644 /* UItextFielddemoUITests */ = {
			isa = PBXGroup;
			children = (
				84DE0B241CF7DDA5006B5644 /* UItextFielddemoUITests.swift */,
				84DE0B261CF7DDA5006B5644 /* Info.plist */,
			);
			path = UItextFielddemoUITests;
			sourceTree = "<group>";
		};
/* End PBXGroup section */

/* Begin PBXNativeTarget section */
		84DE0B001CF7DDA4006B5644 /* UItextFielddemo */ = {
			isa = PBXNativeTarget;
			buildConfigurationList = 84DE0B291CF7DDA5006B5644 /* Build configuration list for PBXNativeTarget "UItextFielddemo" */;
			buildPhases = (
				84DE0AFD1CF7DDA4006B5644 /* Sources */,
				84DE0AFE1CF7DDA4006B5644 /* Frameworks */,
				84DE0AFF1CF7DDA4006B5644 /* Resources */,
			);
			buildRules = (
			);
			dependencies = (
			);
			name = UItextFielddemo;
			productName = UItextFielddemo;
			productReference = 84DE0B011CF7DDA4006B5644 /* UItextFielddemo.app */;
			productType = "com.apple.product-type.application";
		};
		84DE0B141CF7DDA5006B5644 /* UItextFielddemoTests */ = {
			isa = PBXNativeTarget;
			buildConfigurationList = 84DE0B2C1CF7DDA5006B5644 /* Build configuration list for PBXNativeTarget "UItextFielddemoTests" */;
			buildPhases = (
				84DE0B111CF7DDA5006B5644 /* Sources */,
				84DE0B121CF7DDA5006B5644 /* Frameworks */,
				84DE0B131CF7DDA5006B5644 /* Resources */,
			);
			buildRules = (
			);
			dependencies = (
				84DE0B171CF7DDA5006B5644 /* PBXTargetDependency */,
			);
			name = UItextFielddemoTests;
			productName = UItextFielddemoTests;
			productReference = 84DE0B151CF7DDA5006B5644 /* UItextFielddemoTests.xctest */;
			productType = "com.apple.product-type.bundle.unit-test";
		};
		84DE0B1F1CF7DDA5006B5644 /* UItextFielddemoUITests */ = {
			isa = PBXNativeTarget;
			buildConfigurationList = 84DE0B2F1CF7DDA5006B5644 /* Build configuration list for PBXNativeTarget "UItextFielddemoUITests" */;
			buildPhases = (
				84DE0B1C1CF7DDA5006B5644 /* Sources */,
				84DE0B1D1CF7DDA5006B5644 /* Frameworks */,
				84DE0B1E1CF7DDA5006B5644 /* Resources */,
			);
			buildRules = (
			);
			dependencies = (
				84DE0B221CF7DDA5006B5644 /* PBXTargetDependency */,
			);
			name = UItextFielddemoUITests;
			productName = UItextFielddemoUITests;
			productReference = 84DE0B201CF7DDA5006B5644 /* UItextFielddemoUITests.xctest */;
			productType = "com.apple.product-type.bundle.ui-testing";
		};
/* End PBXNativeTarget section */

/* Begin PBXProject section */
		84DE0AF91CF7DDA4006B5644 /* Project object */ = {
			isa = PBXProject;
			attributes = {
				LastSwiftUpdateCheck = 0720;
				LastUpgradeCheck = 0720;
				ORGANIZATIONNAME = duanchuanfen;
				TargetAttributes = {
					84DE0B001CF7DDA4006B5644 = {
						CreatedOnToolsVersion = 7.2.1;
					};
					84DE0B141CF7DDA5006B5644 = {
						CreatedOnToolsVersion = 7.2.1;
						TestTargetID = 84DE0B001CF7DDA4006B5644;
					};
					84DE0B1F1CF7DDA5006B5644 = {
						CreatedOnToolsVersion = 7.2.1;
						TestTargetID = 84DE0B001CF7DDA4006B5644;
					};
				};
			};
			buildConfigurationList = 84DE0AFC1CF7DDA4006B5644 /* Build configuration list for PBXProject "UItextFielddemo" */;
			compatibilityVersion = "Xcode 3.2";
			developmentRegion = English;
			hasScannedForEncodings = 0;
			knownRegions = (
				en,
				Base,
			);
			mainGroup = 84DE0AF81CF7DDA4006B5644;
			productRefGroup = 84DE0B021CF7DDA4006B5644 /* Products */;
			projectDirPath = "";
			projectRoot = "";
			targets = (
				84DE0B001CF7DDA4006B5644 /* UItextFielddemo */,
				84DE0B141CF7DDA5006B5644 /* UItextFielddemoTests */,
				84DE0B1F1CF7DDA5006B5644 /* UItextFielddemoUITests */,
			);
		};
/* End PBXProject section */

/* Begin PBXResourcesBuildPhase section */
		84DE0AFF1CF7DDA4006B5644 /* Resources */ = {
			isa = PBXResourcesBuildPhase;
			buildActionMask = 2147483647;
			files = (
				84DE0B0F1CF7DDA5006B5644 /* LaunchScreen.storyboard in Resources */,
				84DE0B0C1CF7DDA5006B5644 /* Assets.xcassets in Resources */,
				84DE0B0A1CF7DDA5006B5644 /* Main.storyboard in Resources */,
			);
			runOnlyForDeploymentPostprocessing = 0;
		};
		84DE0B131CF7DDA5006B5644 /* Resources */ = {
			isa = PBXResourcesBuildPhase;
			buildActionMask = 2147483647;
			files = (
			);
			runOnlyForDeploymentPostprocessing = 0;
		};
		84DE0B1E1CF7DDA5006B5644 /* Resources */ = {
			isa = PBXResourcesBuildPhase;
			buildActionMask = 2147483647;
			files = (
			);
			runOnlyForDeploymentPostprocessing = 0;
		};
/* End PBXResourcesBuildPhase section */

/* Begin PBXSourcesBuildPhase section */
		84DE0AFD1CF7DDA4006B5644 /* Sources */ = {
			isa = PBXSourcesBuildPhase;
			buildActionMask = 2147483647;
			files = (
				84DE0B071CF7DDA5006B5644 /* ViewController.swift in Sources */,
				84DE0B051CF7DDA5006B5644 /* AppDelegate.swift in Sources */,
			);
			runOnlyForDeploymentPostprocessing = 0;
		};
		84DE0B111CF7DDA5006B5644 /* Sources */ = {
			isa = PBXSourcesBuildPhase;
			buildActionMask = 2147483647;
			files = (
				84DE0B1A1CF7DDA5006B5644 /* UItextFielddemoTests.swift in Sources */,
			);
			runOnlyForDeploymentPostprocessing = 0;
		};
		84DE0B1C1CF7DDA5006B5644 /* Sources */ = {
			isa = PBXSourcesBuildPhase;
			buildActionMask = 2147483647;
			files = (
				84DE0B251CF7DDA5006B5644 /* UItextFielddemoUITests.swift in Sources */,
			);
			runOnlyForDeploymentPostprocessing = 0;
		};
/* End PBXSourcesBuildPhase section */

/* Begin PBXTargetDependency section */
		84DE0B171CF7DDA5006B5644 /* PBXTargetDependency */ = {
			isa = PBXTargetDependency;
			target = 84DE0B001CF7DDA4006B5644 /* UItextFielddemo */;
			targetProxy = 84DE0B161CF7DDA5006B5644 /* PBXContainerItemProxy */;
		};
		84DE0B221CF7DDA5006B5644 /* PBXTargetDependency */ = {
			isa = PBXTargetDependency;
			target = 84DE0B001CF7DDA4006B5644 /* UItextFielddemo */;
			targetProxy = 84DE0B211CF7DDA5006B5644 /* PBXContainerItemProxy */;
		};
/* End PBXTargetDependency section */

/* Begin PBXVariantGroup section */
		84DE0B081CF7DDA5006B5644 /* Main.storyboard */ = {
			isa = PBXVariantGroup;
			children = (
				84DE0B091CF7DDA5006B5644 /* Base */,
			);
			name = Main.storyboard;
			sourceTree = "<group>";
		};
		84DE0B0D1CF7DDA5006B5644 /* LaunchScreen.storyboard */ = {
			isa = PBXVariantGroup;
			children = (
				84DE0B0E1CF7DDA5006B5644 /* Base */,
			);
			name = LaunchScreen.storyboard;
			sourceTree = "<group>";
		};
/* End PBXVariantGroup section */

/* Begin XCBuildConfiguration section */
		84DE0B271CF7DDA5006B5644 /* Debug */ = {
			isa = XCBuildConfiguration;
			buildSettings = {
				ALWAYS_SEARCH_USER_PATHS = NO;
				CLANG_CXX_LANGUAGE_STANDARD = "gnu++0x";
				CLANG_CXX_LIBRARY = "libc++";
				CLANG_ENABLE_MODULES = YES;
				CLANG_ENABLE_OBJC_ARC = YES;
				CLANG_WARN_BOOL_CONVERSION = YES;
				CLANG_WARN_CONSTANT_CONVERSION = YES;
				CLANG_WARN_DIRECT_OBJC_ISA_USAGE = YES_ERROR;
				CLANG_WARN_EMPTY_BODY = YES;
				CLANG_WARN_ENUM_CONVERSION = YES;
				CLANG_WARN_INT_CONVERSION = YES;
				CLANG_WARN_OBJC_ROOT_CLASS = YES_ERROR;
				CLANG_WARN_UNREACHABLE_CODE = YES;
				CLANG_WARN__DUPLICATE_METHOD_MATCH = YES;
				"CODE_SIGN_IDENTITY[sdk=iphoneos*]" = "iPhone Developer";
				COPY_PHASE_STRIP = NO;
				DEBUG_INFORMATION_FORMAT = dwarf;
				ENABLE_STRICT_OBJC_MSGSEND = YES;
				ENABLE_TESTABILITY = YES;
				GCC_C_LANGUAGE_STANDARD = gnu99;
				GCC_DYNAMIC_NO_PIC = NO;
				GCC_NO_COMMON_BLOCKS = YES;
				GCC_OPTIMIZATION_LEVEL = 0;
				GCC_PREPROCESSOR_DEFINITIONS = (
					"DEBUG=1",
					"$(inherited)",
				);
				GCC_WARN_64_TO_32_BIT_CONVERSION = YES;
				GCC_WARN_ABOUT_RETURN_TYPE = YES_ERROR;
				GCC_WARN_UNDECLARED_SELECTOR = YES;
				GCC_WARN_UNINITIALIZED_AUTOS = YES_AGGRESSIVE;
				GCC_WARN_UNUSED_FUNCTION = YES;
				GCC_WARN_UNUSED_VARIABLE = YES;
				IPHONEOS_DEPLOYMENT_TARGET = 9.2;
				MTL_ENABLE_DEBUG_INFO = YES;
				ONLY_ACTIVE_ARCH = YES;
				SDKROOT = iphoneos;
				SWIFT_OPTIMIZATION_LEVEL = "-Onone";
				TARGETED_DEVICE_FAMILY = "1,2";
			};
			name = Debug;
		};
		84DE0B281CF7DDA5006B5644 /* Release */ = {
			isa = XCBuildConfiguration;
			buildSettings = {
				ALWAYS_SEARCH_USER_PATHS = NO;
				CLANG_CXX_LANGUAGE_STANDARD = "gnu++0x";
				CLANG_CXX_LIBRARY = "libc++";
				CLANG_ENABLE_MODULES = YES;
				CLANG_ENABLE_OBJC_ARC = YES;
				CLANG_WARN_BOOL_CONVERSION = YES;
				CLANG_WARN_CONSTANT_CONVERSION = YES;
				CLANG_WARN_DIRECT_OBJC_ISA_USAGE = YES_ERROR;
				CLANG_WARN_EMPTY_BODY = YES;
				CLANG_WARN_ENUM_CONVERSION = YES;
				CLANG_WARN_INT_CONVERSION = YES;
				CLANG_WARN_OBJC_ROOT_CLASS = YES_ERROR;
				CLANG_WARN_UNREACHABLE_CODE = YES;
				CLANG_WARN__DUPLICATE_METHOD_MATCH = YES;
				"CODE_SIGN_IDENTITY[sdk=iphoneos*]" = "iPhone Developer";
				COPY_PHASE_STRIP = NO;
				DEBUG_INFORMATION_FORMAT = "dwarf-with-dsym";
				ENABLE_NS_ASSERTIONS = NO;
				ENABLE_STRICT_OBJC_MSGSEND = YES;
				GCC_C_LANGUAGE_STANDARD = gnu99;
				GCC_NO_COMMON_BLOCKS = YES;
				GCC_WARN_64_TO_32_BIT_CONVERSION = YES;
				GCC_WARN_ABOUT_RETURN_TYPE = YES_ERROR;
				GCC_WARN_UNDECLARED_SELECTOR = YES;
				GCC_WARN_UNINITIALIZED_AUTOS = YES_AGGRESSIVE;
				GCC_WARN_UNUSED_FUNCTION = YES;
				GCC_WARN_UNUSED_VARIABLE = YES;
				IPHONEOS_DEPLOYMENT_TARGET = 9.2;
				MTL_ENABLE_DEBUG_INFO = NO;
				SDKROOT = iphoneos;
				TARGETED_DEVICE_FAMILY = "1,2";
				VALIDATE_PRODUCT = YES;
			};
			name = Release;
		};
		84DE0B2A1CF7DDA5006B5644 /* Debug */ = {
			isa = XCBuildConfiguration;
			buildSettings = {
				ASSETCATALOG_COMPILER_APPICON_NAME = AppIcon;
				INFOPLIST_FILE = UItextFielddemo/Info.plist;
				LD_RUNPATH_SEARCH_PATHS = "$(inherited) @executable_path/Frameworks";
				PRODUCT_BUNDLE_IDENTIFIER = com.duanchuanfen.UItextFielddemo;
				PRODUCT_NAME = "$(TARGET_NAME)";
			};
			name = Debug;
		};
		84DE0B2B1CF7DDA5006B5644 /* Release */ = {
			isa = XCBuildConfiguration;
			buildSettings = {
				ASSETCATALOG_COMPILER_APPICON_NAME = AppIcon;
				INFOPLIST_FILE = UItextFielddemo/Info.plist;
				LD_RUNPATH_SEARCH_PATHS = "$(inherited) @executable_path/Frameworks";
				PRODUCT_BUNDLE_IDENTIFIER = com.duanchuanfen.UItextFielddemo;
				PRODUCT_NAME = "$(TARGET_NAME)";
			};
			name = Release;
		};
		84DE0B2D1CF7DDA5006B5644 /* Debug */ = {
			isa = XCBuildConfiguration;
			buildSettings = {
				BUNDLE_LOADER = "$(TEST_HOST)";
				INFOPLIST_FILE = UItextFielddemoTests/Info.plist;
				LD_RUNPATH_SEARCH_PATHS = "$(inherited) @executable_path/Frameworks @loader_path/Frameworks";
				PRODUCT_BUNDLE_IDENTIFIER = com.duanchuanfen.UItextFielddemoTests;
				PRODUCT_NAME = "$(TARGET_NAME)";
				TEST_HOST = "$(BUILT_PRODUCTS_DIR)/UItextFielddemo.app/UItextFielddemo";
			};
			name = Debug;
		};
		84DE0B2E1CF7DDA5006B5644 /* Release */ = {
			isa = XCBuildConfiguration;
			buildSettings = {
				BUNDLE_LOADER = "$(TEST_HOST)";
				INFOPLIST_FILE = UItextFielddemoTests/Info.plist;
				LD_RUNPATH_SEARCH_PATHS = "$(inherited) @executable_path/Frameworks @loader_path/Frameworks";
				PRODUCT_BUNDLE_IDENTIFIER = com.duanchuanfen.UItextFielddemoTests;
				PRODUCT_NAME = "$(TARGET_NAME)";
				TEST_HOST = "$(BUILT_PRODUCTS_DIR)/UItextFielddemo.app/UItextFielddemo";
			};
			name = Release;
		};
		84DE0B301CF7DDA5006B5644 /* Debug */ = {
			isa = XCBuildConfiguration;
			buildSettings = {
				INFOPLIST_FILE = UItextFielddemoUITests/Info.plist;
				LD_RUNPATH_SEARCH_PATHS = "$(inherited) @executable_path/Frameworks @loader_path/Frameworks";
				PRODUCT_BUNDLE_IDENTIFIER = com.duanchuanfen.UItextFielddemoUITests;
				PRODUCT_NAME = "$(TARGET_NAME)";
				TEST_TARGET_NAME = UItextFielddemo;
				USES_XCTRUNNER = YES;
			};
			name = Debug;
		};
		84DE0B311CF7DDA5006B5644 /* Release */ = {
			isa = XCBuildConfiguration;
			buildSettings = {
				INFOPLIST_FILE = UItextFielddemoUITests/Info.plist;
				LD_RUNPATH_SEARCH_PATHS = "$(inherited) @executable_path/Frameworks @loader_path/Frameworks";
				PRODUCT_BUNDLE_IDENTIFIER = com.duanchuanfen.UItextFielddemoUITests;
				PRODUCT_NAME = "$(TARGET_NAME)";
				TEST_TARGET_NAME = UItextFielddemo;
				USES_XCTRUNNER = YES;
			};
			name = Release;
		};
/* End XCBuildConfiguration section */

/* Begin XCConfigurationList section */
		84DE0AFC1CF7DDA4006B5644 /* Build configuration list for PBXProject "UItextFielddemo" */ = {
			isa = XCConfigurationList;
			buildConfigurations = (
				84DE0B271CF7DDA5006B5644 /* Debug */,
				84DE0B281CF7DDA5006B5644 /* Release */,
			);
			defaultConfigurationIsVisible = 0;
			defaultConfigurationName = Release;
		};
		84DE0B291CF7DDA5006B5644 /* Build configuration list for PBXNativeTarget "UItextFielddemo" */ = {
			isa = XCConfigurationList;
			buildConfigurations = (
				84DE0B2A1CF7DDA5006B5644 /* Debug */,
				84DE0B2B1CF7DDA5006B5644 /* Release */,
			);
			defaultConfigurationIsVisible = 0;
		};
		84DE0B2C1CF7DDA5006B5644 /* Build configuration list for PBXNativeTarget "UItextFielddemoTests" */ = {
			isa = XCConfigurationList;
			buildConfigurations = (
				84DE0B2D1CF7DDA5006B5644 /* Debug */,
				84DE0B2E1CF7DDA5006B5644 /* Release */,
			);
			defaultConfigurationIsVisible = 0;
		};
		84DE0B2F1CF7DDA5006B5644 /* Build configuration list for PBXNativeTarget "UItextFielddemoUITests" */ = {
			isa = XCConfigurationList;
			buildConfigurations = (
				84DE0B301CF7DDA5006B5644 /* Debug */,
				84DE0B311CF7DDA5006B5644 /* Release */,
			);
			defaultConfigurationIsVisible = 0;
		};
/* End XCConfigurationList section */
	};
	rootObject = 84DE0AF91CF7DDA4006B5644 /* Project object */;
}
